// !$*UTF8*$!
{
	archiveVersion = 1;
	classes = {
	};
	objectVersion = 56;
	objects = {

/* Begin PBXBuildFile section */
		566B6E9E2AFC95B6007B34DD /* FructusApp.swift in Sources */ = {isa = PBXBuildFile; fileRef = 566B6E9D2AFC95B6007B34DD /* FructusApp.swift */; };
		566B6EA02AFC95B6007B34DD /* ContentView.swift in Sources */ = {isa = PBXBuildFile; fileRef = 566B6E9F2AFC95B6007B34DD /* ContentView.swift */; };
		566B6EA22AFC95B8007B34DD /* Assets.xcassets in Resources */ = {isa = PBXBuildFile; fileRef = 566B6EA12AFC95B8007B34DD /* Assets.xcassets */; };
		566B6EA52AFC95B8007B34DD /* Preview Assets.xcassets in Resources */ = {isa = PBXBuildFile; fileRef = 566B6EA42AFC95B8007B34DD /* Preview Assets.xcassets */; };
		566B6EAE2AFDA576007B34DD /* FruitCardView.swift in Sources */ = {isa = PBXBuildFile; fileRef = 566B6EAD2AFDA576007B34DD /* FruitCardView.swift */; };
		566B6EB02AFDAAEC007B34DD /* StartButtonView.swift in Sources */ = {isa = PBXBuildFile; fileRef = 566B6EAF2AFDAAEC007B34DD /* StartButtonView.swift */; };
		566B6EB22AFDB8B0007B34DD /* OnboardingView.swift in Sources */ = {isa = PBXBuildFile; fileRef = 566B6EB12AFDB8B0007B34DD /* OnboardingView.swift */; };
		566B6EB52AFDC07F007B34DD /* FruitModel.swift in Sources */ = {isa = PBXBuildFile; fileRef = 566B6EB42AFDC07F007B34DD /* FruitModel.swift */; };
		566B6EB82AFDC33A007B34DD /* FruitData.swift in Sources */ = {isa = PBXBuildFile; fileRef = 566B6EB72AFDC33A007B34DD /* FruitData.swift */; };
		566B6EBA2AFDE1B6007B34DD /* FruitRowView.swift in Sources */ = {isa = PBXBuildFile; fileRef = 566B6EB92AFDE1B5007B34DD /* FruitRowView.swift */; };
		566B6EBC2AFF156D007B34DD /* FruitDetailView.swift in Sources */ = {isa = PBXBuildFile; fileRef = 566B6EBB2AFF156D007B34DD /* FruitDetailView.swift */; };
		566B6EBE2AFF19ED007B34DD /* FruitHeaderView.swift in Sources */ = {isa = PBXBuildFile; fileRef = 566B6EBD2AFF19ED007B34DD /* FruitHeaderView.swift */; };
		566B6EC02AFF1FCE007B34DD /* SourceLinkView.swift in Sources */ = {isa = PBXBuildFile; fileRef = 566B6EBF2AFF1FCE007B34DD /* SourceLinkView.swift */; };
		566B6EC22B019C04007B34DD /* FruitNutrientsView.swift in Sources */ = {isa = PBXBuildFile; fileRef = 566B6EC12B019C04007B34DD /* FruitNutrientsView.swift */; };
		566B6EC42B01A248007B34DD /* SettingsView.swift in Sources */ = {isa = PBXBuildFile; fileRef = 566B6EC32B01A248007B34DD /* SettingsView.swift */; };
		566B6EC62B01A89E007B34DD /* SettingsLabelView.swift in Sources */ = {isa = PBXBuildFile; fileRef = 566B6EC52B01A89E007B34DD /* SettingsLabelView.swift */; };
/* End PBXBuildFile section */

/* Begin PBXFileReference section */
		566B6E9A2AFC95B6007B34DD /* Fructus.app */ = {isa = PBXFileReference; explicitFileType = wrapper.application; includeInIndex = 0; path = Fructus.app; sourceTree = BUILT_PRODUCTS_DIR; };
		566B6E9D2AFC95B6007B34DD /* FructusApp.swift */ = {isa = PBXFileReference; lastKnownFileType = sourcecode.swift; path = FructusApp.swift; sourceTree = "<group>"; };
		566B6E9F2AFC95B6007B34DD /* ContentView.swift */ = {isa = PBXFileReference; lastKnownFileType = sourcecode.swift; path = ContentView.swift; sourceTree = "<group>"; };
		566B6EA12AFC95B8007B34DD /* Assets.xcassets */ = {isa = PBXFileReference; lastKnownFileType = folder.assetcatalog; path = Assets.xcassets; sourceTree = "<group>"; };
		566B6EA42AFC95B8007B34DD /* Preview Assets.xcassets */ = {isa = PBXFileReference; lastKnownFileType = folder.assetcatalog; path = "Preview Assets.xcassets"; sourceTree = "<group>"; };
		566B6EAD2AFDA576007B34DD /* FruitCardView.swift */ = {isa = PBXFileReference; lastKnownFileType = sourcecode.swift; path = FruitCardView.swift; sourceTree = "<group>"; };
		566B6EAF2AFDAAEC007B34DD /* StartButtonView.swift */ = {isa = PBXFileReference; lastKnownFileType = sourcecode.swift; path = StartButtonView.swift; sourceTree = "<group>"; };
		566B6EB12AFDB8B0007B34DD /* OnboardingView.swift */ = {isa = PBXFileReference; lastKnownFileType = sourcecode.swift; path = OnboardingView.swift; sourceTree = "<group>"; };
		566B6EB42AFDC07F007B34DD /* FruitModel.swift */ = {isa = PBXFileReference; lastKnownFileType = sourcecode.swift; path = FruitModel.swift; sourceTree = "<group>"; };
		566B6EB72AFDC33A007B34DD /* FruitData.swift */ = {isa = PBXFileReference; lastKnownFileType = sourcecode.swift; path = FruitData.swift; sourceTree = "<group>"; };
		566B6EB92AFDE1B5007B34DD /* FruitRowView.swift */ = {isa = PBXFileReference; lastKnownFileType = sourcecode.swift; path = FruitRowView.swift; sourceTree = "<group>"; };
		566B6EBB2AFF156D007B34DD /* FruitDetailView.swift */ = {isa = PBXFileReference; lastKnownFileType = sourcecode.swift; path = FruitDetailView.swift; sourceTree = "<group>"; };
		566B6EBD2AFF19ED007B34DD /* FruitHeaderView.swift */ = {isa = PBXFileReference; lastKnownFileType = sourcecode.swift; path = FruitHeaderView.swift; sourceTree = "<group>"; };
		566B6EBF2AFF1FCE007B34DD /* SourceLinkView.swift */ = {isa = PBXFileReference; lastKnownFileType = sourcecode.swift; path = SourceLinkView.swift; sourceTree = "<group>"; };
		566B6EC12B019C04007B34DD /* FruitNutrientsView.swift */ = {isa = PBXFileReference; lastKnownFileType = sourcecode.swift; path = FruitNutrientsView.swift; sourceTree = "<group>"; };
		566B6EC32B01A248007B34DD /* SettingsView.swift */ = {isa = PBXFileReference; lastKnownFileType = sourcecode.swift; path = SettingsView.swift; sourceTree = "<group>"; };
		566B6EC52B01A89E007B34DD /* SettingsLabelView.swift */ = {isa = PBXFileReference; lastKnownFileType = sourcecode.swift; path = SettingsLabelView.swift; sourceTree = "<group>"; };
/* End PBXFileReference section */

/* Begin PBXFrameworksBuildPhase section */
		566B6E972AFC95B6007B34DD /* Frameworks */ = {
			isa = PBXFrameworksBuildPhase;
			buildActionMask = 2147483647;
			files = (
			);
			runOnlyForDeploymentPostprocessing = 0;
		};
/* End PBXFrameworksBuildPhase section */

/* Begin PBXGroup section */
		566B6E912AFC95B6007B34DD = {
			isa = PBXGroup;
			children = (
				566B6E9C2AFC95B6007B34DD /* Fructus */,
				566B6E9B2AFC95B6007B34DD /* Products */,
			);
			sourceTree = "<group>";
		};
		566B6E9B2AFC95B6007B34DD /* Products */ = {
			isa = PBXGroup;
			children = (
				566B6E9A2AFC95B6007B34DD /* Fructus.app */,
			);
			name = Products;
			sourceTree = "<group>";
		};
		566B6E9C2AFC95B6007B34DD /* Fructus */ = {
			isa = PBXGroup;
			children = (
				566B6EB62AFDC168007B34DD /* Data */,
				566B6EB32AFDC069007B34DD /* Model */,
				566B6EAC2AFDA52C007B34DD /* View */,
				566B6EAB2AFDA502007B34DD /* App */,
				566B6EA12AFC95B8007B34DD /* Assets.xcassets */,
				566B6EA32AFC95B8007B34DD /* Preview Content */,
			);
			path = Fructus;
			sourceTree = "<group>";
		};
		566B6EA32AFC95B8007B34DD /* Preview Content */ = {
			isa = PBXGroup;
			children = (
				566B6EA42AFC95B8007B34DD /* Preview Assets.xcassets */,
			);
			path = "Preview Content";
			sourceTree = "<group>";
		};
		566B6EAB2AFDA502007B34DD /* App */ = {
			isa = PBXGroup;
			children = (
				566B6E9D2AFC95B6007B34DD /* FructusApp.swift */,
				566B6E9F2AFC95B6007B34DD /* ContentView.swift */,
				566B6EB12AFDB8B0007B34DD /* OnboardingView.swift */,
				566B6EBB2AFF156D007B34DD /* FruitDetailView.swift */,
				566B6EC32B01A248007B34DD /* SettingsView.swift */,
			);
			path = App;
			sourceTree = "<group>";
		};
		566B6EAC2AFDA52C007B34DD /* View */ = {
			isa = PBXGroup;
			children = (
				566B6EBD2AFF19ED007B34DD /* FruitHeaderView.swift */,
				566B6EAD2AFDA576007B34DD /* FruitCardView.swift */,
				566B6EAF2AFDAAEC007B34DD /* StartButtonView.swift */,
				566B6EB92AFDE1B5007B34DD /* FruitRowView.swift */,
				566B6EBF2AFF1FCE007B34DD /* SourceLinkView.swift */,
				566B6EC12B019C04007B34DD /* FruitNutrientsView.swift */,
				566B6EC52B01A89E007B34DD /* SettingsLabelView.swift */,
			);
			path = View;
			sourceTree = "<group>";
		};
		566B6EB32AFDC069007B34DD /* Model */ = {
			isa = PBXGroup;
			children = (
				566B6EB42AFDC07F007B34DD /* FruitModel.swift */,
			);
			path = Model;
			sourceTree = "<group>";
		};
		566B6EB62AFDC168007B34DD /* Data */ = {
			isa = PBXGroup;
			children = (
				566B6EB72AFDC33A007B34DD /* FruitData.swift */,
			);
			path = Data;
			sourceTree = "<group>";
		};
/* End PBXGroup section */

/* Begin PBXNativeTarget section */
		566B6E992AFC95B6007B34DD /* Fructus */ = {
			isa = PBXNativeTarget;
			buildConfigurationList = 566B6EA82AFC95B8007B34DD /* Build configuration list for PBXNativeTarget "Fructus" */;
			buildPhases = (
				566B6E962AFC95B6007B34DD /* Sources */,
				566B6E972AFC95B6007B34DD /* Frameworks */,
				566B6E982AFC95B6007B34DD /* Resources */,
			);
			buildRules = (
			);
			dependencies = (
			);
			name = Fructus;
			productName = Fructus;
			productReference = 566B6E9A2AFC95B6007B34DD /* Fructus.app */;
			productType = "com.apple.product-type.application";
		};
/* End PBXNativeTarget section */

/* Begin PBXProject section */
		566B6E922AFC95B6007B34DD /* Project object */ = {
			isa = PBXProject;
			attributes = {
				BuildIndependentTargetsInParallel = 1;
				LastSwiftUpdateCheck = 1500;
				LastUpgradeCheck = 1500;
				TargetAttributes = {
					566B6E992AFC95B6007B34DD = {
						CreatedOnToolsVersion = 15.0;
					};
				};
			};
			buildConfigurationList = 566B6E952AFC95B6007B34DD /* Build configuration list for PBXProject "Fructus" */;
			compatibilityVersion = "Xcode 14.0";
			developmentRegion = en;
			hasScannedForEncodings = 0;
			knownRegions = (
				en,
				Base,
			);
			mainGroup = 566B6E912AFC95B6007B34DD;
			productRefGroup = 566B6E9B2AFC95B6007B34DD /* Products */;
			projectDirPath = "";
			projectRoot = "";
			targets = (
				566B6E992AFC95B6007B34DD /* Fructus */,
			);
		};
/* End PBXProject section */

/* Begin PBXResourcesBuildPhase section */
		566B6E982AFC95B6007B34DD /* Resources */ = {
			isa = PBXResourcesBuildPhase;
			buildActionMask = 2147483647;
			files = (
				566B6EA52AFC95B8007B34DD /* Preview Assets.xcassets in Resources */,
				566B6EA22AFC95B8007B34DD /* Assets.xcassets in Resources */,
			);
			runOnlyForDeploymentPostprocessing = 0;
		};
/* End PBXResourcesBuildPhase section */

/* Begin PBXSourcesBuildPhase section */
		566B6E962AFC95B6007B34DD /* Sources */ = {
			isa = PBXSourcesBuildPhase;
			buildActionMask = 2147483647;
			files = (
				566B6EB82AFDC33A007B34DD /* FruitData.swift in Sources */,
				566B6EC02AFF1FCE007B34DD /* SourceLinkView.swift in Sources */,
				566B6EAE2AFDA576007B34DD /* FruitCardView.swift in Sources */,
				566B6EBA2AFDE1B6007B34DD /* FruitRowView.swift in Sources */,
				566B6EC22B019C04007B34DD /* FruitNutrientsView.swift in Sources */,
				566B6EB02AFDAAEC007B34DD /* StartButtonView.swift in Sources */,
				566B6EBC2AFF156D007B34DD /* FruitDetailView.swift in Sources */,
				566B6EA02AFC95B6007B34DD /* ContentView.swift in Sources */,
				566B6EBE2AFF19ED007B34DD /* FruitHeaderView.swift in Sources */,
				566B6EB22AFDB8B0007B34DD /* OnboardingView.swift in Sources */,
				566B6EC62B01A89E007B34DD /* SettingsLabelView.swift in Sources */,
				566B6EB52AFDC07F007B34DD /* FruitModel.swift in Sources */,
				566B6E9E2AFC95B6007B34DD /* FructusApp.swift in Sources */,
				566B6EC42B01A248007B34DD /* SettingsView.swift in Sources */,
			);
			runOnlyForDeploymentPostprocessing = 0;
		};
/* End PBXSourcesBuildPhase section */

/* Begin XCBuildConfiguration section */
		566B6EA62AFC95B8007B34DD /* Debug */ = {
			isa = XCBuildConfiguration;
			buildSettings = {
				ALWAYS_SEARCH_USER_PATHS = NO;
				ASSETCATALOG_COMPILER_GENERATE_SWIFT_ASSET_SYMBOL_EXTENSIONS = YES;
				CLANG_ANALYZER_NONNULL = YES;
				CLANG_ANALYZER_NUMBER_OBJECT_CONVERSION = YES_AGGRESSIVE;
				CLANG_CXX_LANGUAGE_STANDARD = "gnu++20";
				CLANG_ENABLE_MODULES = YES;
				CLANG_ENABLE_OBJC_ARC = YES;
				CLANG_ENABLE_OBJC_WEAK = YES;
				CLANG_WARN_BLOCK_CAPTURE_AUTORELEASING = YES;
				CLANG_WARN_BOOL_CONVERSION = YES;
				CLANG_WARN_COMMA = YES;
				CLANG_WARN_CONSTANT_CONVERSION = YES;
				CLANG_WARN_DEPRECATED_OBJC_IMPLEMENTATIONS = YES;
				CLANG_WARN_DIRECT_OBJC_ISA_USAGE = YES_ERROR;
				CLANG_WARN_DOCUMENTATION_COMMENTS = YES;
				CLANG_WARN_EMPTY_BODY = YES;
				CLANG_WARN_ENUM_CONVERSION = YES;
				CLANG_WARN_INFINITE_RECURSION = YES;
				CLANG_WARN_INT_CONVERSION = YES;
				CLANG_WARN_NON_LITERAL_NULL_CONVERSION = YES;
				CLANG_WARN_OBJC_IMPLICIT_RETAIN_SELF = YES;
				CLANG_WARN_OBJC_LITERAL_CONVERSION = YES;
				CLANG_WARN_OBJC_ROOT_CLASS = YES_ERROR;
				CLANG_WARN_QUOTED_INCLUDE_IN_FRAMEWORK_HEADER = YES;
				CLANG_WARN_RANGE_LOOP_ANALYSIS = YES;
				CLANG_WARN_STRICT_PROTOTYPES = YES;
				CLANG_WARN_SUSPICIOUS_MOVE = YES;
				CLANG_WARN_UNGUARDED_AVAILABILITY = YES_AGGRESSIVE;
				CLANG_WARN_UNREACHABLE_CODE = YES;
				CLANG_WARN__DUPLICATE_METHOD_MATCH = YES;
				COPY_PHASE_STRIP = NO;
				DEBUG_INFORMATION_FORMAT = dwarf;
				ENABLE_STRICT_OBJC_MSGSEND = YES;
				ENABLE_TESTABILITY = YES;
				ENABLE_USER_SCRIPT_SANDBOXING = YES;
				GCC_C_LANGUAGE_STANDARD = gnu17;
				GCC_DYNAMIC_NO_PIC = NO;
				GCC_NO_COMMON_BLOCKS = YES;
				GCC_OPTIMIZATION_LEVEL = 0;
				GCC_PREPROCESSOR_DEFINITIONS = (
					"DEBUG=1",
					"$(inherited)",
				);
				GCC_WARN_64_TO_32_BIT_CONVERSION = YES;
				GCC_WARN_ABOUT_RETURN_TYPE = YES_ERROR;
				GCC_WARN_UNDECLARED_SELECTOR = YES;
				GCC_WARN_UNINITIALIZED_AUTOS = YES_AGGRESSIVE;
				GCC_WARN_UNUSED_FUNCTION = YES;
				GCC_WARN_UNUSED_VARIABLE = YES;
				IPHONEOS_DEPLOYMENT_TARGET = 17.0;
				LOCALIZATION_PREFERS_STRING_CATALOGS = YES;
				MTL_ENABLE_DEBUG_INFO = INCLUDE_SOURCE;
				MTL_FAST_MATH = YES;
				ONLY_ACTIVE_ARCH = YES;
				SDKROOT = iphoneos;
				SWIFT_ACTIVE_COMPILATION_CONDITIONS = "DEBUG $(inherited)";
				SWIFT_OPTIMIZATION_LEVEL = "-Onone";
			};
			name = Debug;
		};
		566B6EA72AFC95B8007B34DD /* Release */ = {
			isa = XCBuildConfiguration;
			buildSettings = {
				ALWAYS_SEARCH_USER_PATHS = NO;
				ASSETCATALOG_COMPILER_GENERATE_SWIFT_ASSET_SYMBOL_EXTENSIONS = YES;
				CLANG_ANALYZER_NONNULL = YES;
				CLANG_ANALYZER_NUMBER_OBJECT_CONVERSION = YES_AGGRESSIVE;
				CLANG_CXX_LANGUAGE_STANDARD = "gnu++20";
				CLANG_ENABLE_MODULES = YES;
				CLANG_ENABLE_OBJC_ARC = YES;
				CLANG_ENABLE_OBJC_WEAK = YES;
				CLANG_WARN_BLOCK_CAPTURE_AUTORELEASING = YES;
				CLANG_WARN_BOOL_CONVERSION = YES;
				CLANG_WARN_COMMA = YES;
				CLANG_WARN_CONSTANT_CONVERSION = YES;
				CLANG_WARN_DEPRECATED_OBJC_IMPLEMENTATIONS = YES;
				CLANG_WARN_DIRECT_OBJC_ISA_USAGE = YES_ERROR;
				CLANG_WARN_DOCUMENTATION_COMMENTS = YES;
				CLANG_WARN_EMPTY_BODY = YES;
				CLANG_WARN_ENUM_CONVERSION = YES;
				CLANG_WARN_INFINITE_RECURSION = YES;
				CLANG_WARN_INT_CONVERSION = YES;
				CLANG_WARN_NON_LITERAL_NULL_CONVERSION = YES;
				CLANG_WARN_OBJC_IMPLICIT_RETAIN_SELF = YES;
				CLANG_WARN_OBJC_LITERAL_CONVERSION = YES;
				CLANG_WARN_OBJC_ROOT_CLASS = YES_ERROR;
				CLANG_WARN_QUOTED_INCLUDE_IN_FRAMEWORK_HEADER = YES;
				CLANG_WARN_RANGE_LOOP_ANALYSIS = YES;
				CLANG_WARN_STRICT_PROTOTYPES = YES;
				CLANG_WARN_SUSPICIOUS_MOVE = YES;
				CLANG_WARN_UNGUARDED_AVAILABILITY = YES_AGGRESSIVE;
				CLANG_WARN_UNREACHABLE_CODE = YES;
				CLANG_WARN__DUPLICATE_METHOD_MATCH = YES;
				COPY_PHASE_STRIP = NO;
				DEBUG_INFORMATION_FORMAT = "dwarf-with-dsym";
				ENABLE_NS_ASSERTIONS = NO;
				ENABLE_STRICT_OBJC_MSGSEND = YES;
				ENABLE_USER_SCRIPT_SANDBOXING = YES;
				GCC_C_LANGUAGE_STANDARD = gnu17;
				GCC_NO_COMMON_BLOCKS = YES;
				GCC_WARN_64_TO_32_BIT_CONVERSION = YES;
				GCC_WARN_ABOUT_RETURN_TYPE = YES_ERROR;
				GCC_WARN_UNDECLARED_SELECTOR = YES;
				GCC_WARN_UNINITIALIZED_AUTOS = YES_AGGRESSIVE;
				GCC_WARN_UNUSED_FUNCTION = YES;
				GCC_WARN_UNUSED_VARIABLE = YES;
				IPHONEOS_DEPLOYMENT_TARGET = 17.0;
				LOCALIZATION_PREFERS_STRING_CATALOGS = YES;
				MTL_ENABLE_DEBUG_INFO = NO;
				MTL_FAST_MATH = YES;
				SDKROOT = iphoneos;
				SWIFT_COMPILATION_MODE = wholemodule;
				VALIDATE_PRODUCT = YES;
			};
			name = Release;
		};
		566B6EA92AFC95B8007B34DD /* Debug */ = {
			isa = XCBuildConfiguration;
			buildSettings = {
				ASSETCATALOG_COMPILER_APPICON_NAME = AppIcon;
				ASSETCATALOG_COMPILER_GLOBAL_ACCENT_COLOR_NAME = AccentColor;
				CODE_SIGN_STYLE = Automatic;
				CURRENT_PROJECT_VERSION = 1;
				DEVELOPMENT_ASSET_PATHS = "\"Fructus/Preview Content\"";
				DEVELOPMENT_TEAM = 54DYFZH8JZ;
				ENABLE_PREVIEWS = YES;
				GENERATE_INFOPLIST_FILE = YES;
				INFOPLIST_KEY_UIApplicationSceneManifest_Generation = YES;
				INFOPLIST_KEY_UIApplicationSupportsIndirectInputEvents = YES;
				INFOPLIST_KEY_UILaunchScreen_Generation = YES;
				INFOPLIST_KEY_UISupportedInterfaceOrientations = UIInterfaceOrientationPortrait;
				INFOPLIST_KEY_UISupportedInterfaceOrientations_iPad = "UIInterfaceOrientationLandscapeLeft UIInterfaceOrientationLandscapeRight UIInterfaceOrientationPortrait UIInterfaceOrientationPortraitUpsideDown";
				LD_RUNPATH_SEARCH_PATHS = (
					"$(inherited)",
					"@executable_path/Frameworks",
				);
				MARKETING_VERSION = 1.0;
				PRODUCT_BUNDLE_IDENTIFIER = com.ico.Fructus;
				PRODUCT_NAME = "$(TARGET_NAME)";
				SWIFT_EMIT_LOC_STRINGS = YES;
				SWIFT_VERSION = 5.0;
				TARGETED_DEVICE_FAMILY = "1,2";
			};
			name = Debug;
		};
		566B6EAA2AFC95B8007B34DD /* Release */ = {
			isa = XCBuildConfiguration;
			buildSettings = {
				ASSETCATALOG_COMPILER_APPICON_NAME = AppIcon;
				ASSETCATALOG_COMPILER_GLOBAL_ACCENT_COLOR_NAME = AccentColor;
				CODE_SIGN_STYLE = Automatic;
				CURRENT_PROJECT_VERSION = 1;
				DEVELOPMENT_ASSET_PATHS = "\"Fructus/Preview Content\"";
				DEVELOPMENT_TEAM = 54DYFZH8JZ;
				ENABLE_PREVIEWS = YES;
				GENERATE_INFOPLIST_FILE = YES;
				INFOPLIST_KEY_UIApplicationSceneManifest_Generation = YES;
				INFOPLIST_KEY_UIApplicationSupportsIndirectInputEvents = YES;
				INFOPLIST_KEY_UILaunchScreen_Generation = YES;
				INFOPLIST_KEY_UISupportedInterfaceOrientations = UIInterfaceOrientationPortrait;
				INFOPLIST_KEY_UISupportedInterfaceOrientations_iPad = "UIInterfaceOrientationLandscapeLeft UIInterfaceOrientationLandscapeRight UIInterfaceOrientationPortrait UIInterfaceOrientationPortraitUpsideDown";
				LD_RUNPATH_SEARCH_PATHS = (
					"$(inherited)",
					"@executable_path/Frameworks",
				);
				MARKETING_VERSION = 1.0;
				PRODUCT_BUNDLE_IDENTIFIER = com.ico.Fructus;
				PRODUCT_NAME = "$(TARGET_NAME)";
				SWIFT_EMIT_LOC_STRINGS = YES;
				SWIFT_VERSION = 5.0;
				TARGETED_DEVICE_FAMILY = "1,2";
			};
			name = Release;
		};
/* End XCBuildConfiguration section */

/* Begin XCConfigurationList section */
		566B6E952AFC95B6007B34DD /* Build configuration list for PBXProject "Fructus" */ = {
			isa = XCConfigurationList;
			buildConfigurations = (
				566B6EA62AFC95B8007B34DD /* Debug */,
				566B6EA72AFC95B8007B34DD /* Release */,
			);
			defaultConfigurationIsVisible = 0;
			defaultConfigurationName = Release;
		};
		566B6EA82AFC95B8007B34DD /* Build configuration list for PBXNativeTarget "Fructus" */ = {
			isa = XCConfigurationList;
			buildConfigurations = (
				566B6EA92AFC95B8007B34DD /* Debug */,
				566B6EAA2AFC95B8007B34DD /* Release */,
			);
			defaultConfigurationIsVisible = 0;
			defaultConfigurationName = Release;
		};
/* End XCConfigurationList section */
	};
	rootObject = 566B6E922AFC95B6007B34DD /* Project object */;
}
